schema: '2.0'
stages:
  train:
    cmd: python src/train.py
    deps:
    - path: data/mood_samples.csv
      hash: md5
      md5: 25c977502625c817ea75e82e0cd4f394
      size: 899
    - path: src/train.py
      hash: md5
      md5: d7992a497421ed25ae377067bfebc254
      size: 1077
    outs:
    - path: model.pkl
      hash: md5
      md5: d96f3abaa7e0e34f23afcba68545a6b0
      size: 11662
