schema: '2.0'
stages:
  train:
    cmd: python src/train.py
    deps:
    - path: data/mood_samples.csv
      hash: md5
      md5: f72399d52b56a1fcd4eca961a619f4bf
      size: 2759
    - path: src/train.py
      hash: md5
      md5: d7992a497421ed25ae377067bfebc254
      size: 1077
    outs:
    - path: model.pkl
      hash: md5
      md5: d3352018f103a50bfc7e50350616e94b
      size: 20921
